
Microsoft Visual Studio Solution File, Format Version 11.00
# Visual Studio 2010
Project("{FAE04EC0-301F-11D3-BF4B-00C04F79EFBC}") = "Server", "ProjektSoftwareverteilung2013\Server.csproj", "{50075D06-A8CA-4BCF-A808-FD6D5A64C04B}"
EndProject
Project("{FAE04EC0-301F-11D3-BF4B-00C04F79EFBC}") = "SVApi", "SVApi\SVApi.csproj", "{1DE22CE9-A10C-4588-A21B-CFCEAE89FA4C}"
EndProject
Project("{FAE04EC0-301F-11D3-BF4B-00C04F79EFBC}") = "Server-Client", "Server-Client\Server-Client.csproj", "{AE95B5DD-9C7B-4966-921F-21A11E0C28DE}"
EndProject
Project("{FAE04EC0-301F-11D3-BF4B-00C04F79EFBC}") = "Client", "Client\Client.csproj", "{DACCB938-C8C2-4574-9E9C-FEB0097B859D}"
EndProject
Global
	GlobalSection(SolutionConfigurationPlatforms) = preSolution
		Debug|Any CPU = Debug|Any CPU
		Debug|Mixed Platforms = Debug|Mixed Platforms
		Debug|x86 = Debug|x86
		Release|Any CPU = Release|Any CPU
		Release|Mixed Platforms = Release|Mixed Platforms
		Release|x86 = Release|x86
	EndGlobalSection
	GlobalSection(ProjectConfigurationPlatforms) = postSolution
		{50075D06-A8CA-4BCF-A808-FD6D5A64C04B}.Debug|Any CPU.ActiveCfg = Debug|x86
		{50075D06-A8CA-4BCF-A808-FD6D5A64C04B}.Debug|Mixed Platforms.ActiveCfg = Debug|x86
		{50075D06-A8CA-4BCF-A808-FD6D5A64C04B}.Debug|Mixed Platforms.Build.0 = Debug|x86
		{50075D06-A8CA-4BCF-A808-FD6D5A64C04B}.Debug|x86.ActiveCfg = Debug|x86
		{50075D06-A8CA-4BCF-A808-FD6D5A64C04B}.Debug|x86.Build.0 = Debug|x86
		{50075D06-A8CA-4BCF-A808-FD6D5A64C04B}.Release|Any CPU.ActiveCfg = Release|x86
		{50075D06-A8CA-4BCF-A808-FD6D5A64C04B}.Release|Mixed Platforms.ActiveCfg = Release|x86
		{50075D06-A8CA-4BCF-A808-FD6D5A64C04B}.Release|Mixed Platforms.Build.0 = Release|x86
		{50075D06-A8CA-4BCF-A808-FD6D5A64C04B}.Release|x86.ActiveCfg = Release|x86
		{50075D06-A8CA-4BCF-A808-FD6D5A64C04B}.Release|x86.Build.0 = Release|x86
		{1DE22CE9-A10C-4588-A21B-CFCEAE89FA4C}.Debug|Any CPU.ActiveCfg = Debug|Any CPU
		{1DE22CE9-A10C-4588-A21B-CFCEAE89FA4C}.Debug|Any CPU.Build.0 = Debug|Any CPU
		{1DE22CE9-A10C-4588-A21B-CFCEAE89FA4C}.Debug|Mixed Platforms.ActiveCfg = Debug|Any CPU
		{1DE22CE9-A10C-4588-A21B-CFCEAE89FA4C}.Debug|Mixed Platforms.Build.0 = Debug|Any CPU
		{1DE22CE9-A10C-4588-A21B-CFCEAE89FA4C}.Debug|x86.ActiveCfg = Debug|Any CPU
		{1DE22CE9-A10C-4588-A21B-CFCEAE89FA4C}.Release|Any CPU.ActiveCfg = Release|Any CPU
		{1DE22CE9-A10C-4588-A21B-CFCEAE89FA4C}.Release|Any CPU.Build.0 = Release|Any CPU
		{1DE22CE9-A10C-4588-A21B-CFCEAE89FA4C}.Release|Mixed Platforms.ActiveCfg = Release|Any CPU
		{1DE22CE9-A10C-4588-A21B-CFCEAE89FA4C}.Release|Mixed Platforms.Build.0 = Release|Any CPU
		{1DE22CE9-A10C-4588-A21B-CFCEAE89FA4C}.Release|x86.ActiveCfg = Release|Any CPU
		{AE95B5DD-9C7B-4966-921F-21A11E0C28DE}.Debug|Any CPU.ActiveCfg = Debug|x86
		{AE95B5DD-9C7B-4966-921F-21A11E0C28DE}.Debug|Mixed Platforms.ActiveCfg = Debug|x86
		{AE95B5DD-9C7B-4966-921F-21A11E0C28DE}.Debug|Mixed Platforms.Build.0 = Debug|x86
		{AE95B5DD-9C7B-4966-921F-21A11E0C28DE}.Debug|x86.ActiveCfg = Debug|x86
		{AE95B5DD-9C7B-4966-921F-21A11E0C28DE}.Debug|x86.Build.0 = Debug|x86
		{AE95B5DD-9C7B-4966-921F-21A11E0C28DE}.Release|Any CPU.ActiveCfg = Release|x86
		{AE95B5DD-9C7B-4966-921F-21A11E0C28DE}.Release|Mixed Platforms.ActiveCfg = Release|x86
		{AE95B5DD-9C7B-4966-921F-21A11E0C28DE}.Release|Mixed Platforms.Build.0 = Release|x86
		{AE95B5DD-9C7B-4966-921F-21A11E0C28DE}.Release|x86.ActiveCfg = Release|x86
		{AE95B5DD-9C7B-4966-921F-21A11E0C28DE}.Release|x86.Build.0 = Release|x86
		{DACCB938-C8C2-4574-9E9C-FEB0097B859D}.Debug|Any CPU.ActiveCfg = Debug|x86
		{DACCB938-C8C2-4574-9E9C-FEB0097B859D}.Debug|Mixed Platforms.ActiveCfg = Debug|x86
		{DACCB938-C8C2-4574-9E9C-FEB0097B859D}.Debug|Mixed Platforms.Build.0 = Debug|x86
		{DACCB938-C8C2-4574-9E9C-FEB0097B859D}.Debug|x86.ActiveCfg = Debug|x86
		{DACCB938-C8C2-4574-9E9C-FEB0097B859D}.Debug|x86.Build.0 = Debug|x86
		{DACCB938-C8C2-4574-9E9C-FEB0097B859D}.Release|Any CPU.ActiveCfg = Release|x86
		{DACCB938-C8C2-4574-9E9C-FEB0097B859D}.Release|Mixed Platforms.ActiveCfg = Release|x86
		{DACCB938-C8C2-4574-9E9C-FEB0097B859D}.Release|Mixed Platforms.Build.0 = Release|x86
		{DACCB938-C8C2-4574-9E9C-FEB0097B859D}.Release|x86.ActiveCfg = Release|x86
		{DACCB938-C8C2-4574-9E9C-FEB0097B859D}.Release|x86.Build.0 = Release|x86
	EndGlobalSection
	GlobalSection(SolutionProperties) = preSolution
		HideSolutionNode = FALSE
	EndGlobalSection
EndGlobal
